
Microsoft Visual Studio Solution File, Format Version 12.00
# Visual Studio Version 16
VisualStudioVersion = 16.0.31321.278
MinimumVisualStudioVersion = 10.0.40219.1
Project("{FAE04EC0-301F-11D3-BF4B-00C04F79EFBC}") = "FilmFestival", "FilmFestival\FilmFestival.csproj", "{EF7180BC-D66F-457F-A271-F6B6060C6993}"
EndProject
Global
	GlobalSection(SolutionConfigurationPlatforms) = preSolution
		Debug|Any CPU = Debug|Any CPU
		Release|Any CPU = Release|Any CPU
	EndGlobalSection
	GlobalSection(ProjectConfigurationPlatforms) = postSolution
		{EF7180BC-D66F-457F-A271-F6B6060C6993}.Debug|Any CPU.ActiveCfg = Debug|Any CPU
		{EF7180BC-D66F-457F-A271-F6B6060C6993}.Debug|Any CPU.Build.0 = Debug|Any CPU
		{EF7180BC-D66F-457F-A271-F6B6060C6993}.Release|Any CPU.ActiveCfg = Release|Any CPU
		{EF7180BC-D66F-457F-A271-F6B6060C6993}.Release|Any CPU.Build.0 = Release|Any CPU
	EndGlobalSection
	GlobalSection(SolutionProperties) = preSolution
		HideSolutionNode = FALSE
	EndGlobalSection
	GlobalSection(ExtensibilityGlobals) = postSolution
		SolutionGuid = {21540871-DB6A-41CE-B2FB-F2B9CFA8EBAF}
	EndGlobalSection
EndGlobal
